// !$*UTF8*$!
{
	archiveVersion = 1;
	classes = {
	};
	objectVersion = 50;
	objects = {

/* Begin PBXBuildFile section */
		298E071D256B010C00427237 /* AppDelegate.swift in Sources */ = {isa = PBXBuildFile; fileRef = 298E071C256B010C00427237 /* AppDelegate.swift */; };
		298E071F256B010C00427237 /* SceneDelegate.swift in Sources */ = {isa = PBXBuildFile; fileRef = 298E071E256B010C00427237 /* SceneDelegate.swift */; };
		298E0724256B010D00427237 /* MyTime_2_0.xcdatamodeld in Sources */ = {isa = PBXBuildFile; fileRef = 298E0722256B010D00427237 /* MyTime_2_0.xcdatamodeld */; };
		298E0726256B010E00427237 /* Assets.xcassets in Resources */ = {isa = PBXBuildFile; fileRef = 298E0725256B010E00427237 /* Assets.xcassets */; };
		298E0729256B010E00427237 /* Preview Assets.xcassets in Resources */ = {isa = PBXBuildFile; fileRef = 298E0728256B010E00427237 /* Preview Assets.xcassets */; };
		298E072C256B010E00427237 /* LaunchScreen.storyboard in Resources */ = {isa = PBXBuildFile; fileRef = 298E072A256B010E00427237 /* LaunchScreen.storyboard */; };
		298E0764256B0C8100427237 /* MapView.swift in Sources */ = {isa = PBXBuildFile; fileRef = 298E0756256B0C8100427237 /* MapView.swift */; };
		298E0765256B0C8100427237 /* Dashboard.swift in Sources */ = {isa = PBXBuildFile; fileRef = 298E0757256B0C8100427237 /* Dashboard.swift */; };
		298E0766256B0C8100427237 /* TimeManagerView.swift in Sources */ = {isa = PBXBuildFile; fileRef = 298E0758256B0C8100427237 /* TimeManagerView.swift */; };
		298E0767256B0C8100427237 /* SignUpView.swift in Sources */ = {isa = PBXBuildFile; fileRef = 298E0759256B0C8100427237 /* SignUpView.swift */; };
		298E0768256B0C8100427237 /* BookTimeFrameView.swift in Sources */ = {isa = PBXBuildFile; fileRef = 298E075A256B0C8100427237 /* BookTimeFrameView.swift */; };
		298E0769256B0C8100427237 /* User.swift in Sources */ = {isa = PBXBuildFile; fileRef = 298E075C256B0C8100427237 /* User.swift */; };
		298E076A256B0C8100427237 /* TimeSchadual.swift in Sources */ = {isa = PBXBuildFile; fileRef = 298E075D256B0C8100427237 /* TimeSchadual.swift */; };
		298E076B256B0C8100427237 /* LocationManager.swift in Sources */ = {isa = PBXBuildFile; fileRef = 298E075F256B0C8100427237 /* LocationManager.swift */; };
		298E076C256B0C8100427237 /* UserViewModel.swift in Sources */ = {isa = PBXBuildFile; fileRef = 298E0761256B0C8100427237 /* UserViewModel.swift */; };
		298E076D256B0C8100427237 /* MapViewModel.swift in Sources */ = {isa = PBXBuildFile; fileRef = 298E0762256B0C8100427237 /* MapViewModel.swift */; };
		298E076E256B0C8100427237 /* LogInView.swift in Sources */ = {isa = PBXBuildFile; fileRef = 298E0763256B0C8100427237 /* LogInView.swift */; };
/* End PBXBuildFile section */

/* Begin PBXFileReference section */
		298E0719256B010C00427237 /* MyTime 2.0.app */ = {isa = PBXFileReference; explicitFileType = wrapper.application; includeInIndex = 0; path = "MyTime 2.0.app"; sourceTree = BUILT_PRODUCTS_DIR; };
		298E071C256B010C00427237 /* AppDelegate.swift */ = {isa = PBXFileReference; lastKnownFileType = sourcecode.swift; path = AppDelegate.swift; sourceTree = "<group>"; };
		298E071E256B010C00427237 /* SceneDelegate.swift */ = {isa = PBXFileReference; lastKnownFileType = sourcecode.swift; path = SceneDelegate.swift; sourceTree = "<group>"; };
		298E0723256B010D00427237 /* MyTime_2_0.xcdatamodel */ = {isa = PBXFileReference; lastKnownFileType = wrapper.xcdatamodel; path = MyTime_2_0.xcdatamodel; sourceTree = "<group>"; };
		298E0725256B010E00427237 /* Assets.xcassets */ = {isa = PBXFileReference; lastKnownFileType = folder.assetcatalog; path = Assets.xcassets; sourceTree = "<group>"; };
		298E0728256B010E00427237 /* Preview Assets.xcassets */ = {isa = PBXFileReference; lastKnownFileType = folder.assetcatalog; path = "Preview Assets.xcassets"; sourceTree = "<group>"; };
		298E072B256B010E00427237 /* Base */ = {isa = PBXFileReference; lastKnownFileType = file.storyboard; name = Base; path = Base.lproj/LaunchScreen.storyboard; sourceTree = "<group>"; };
		298E072D256B010E00427237 /* Info.plist */ = {isa = PBXFileReference; lastKnownFileType = text.plist.xml; path = Info.plist; sourceTree = "<group>"; };
		298E0756256B0C8100427237 /* MapView.swift */ = {isa = PBXFileReference; fileEncoding = 4; lastKnownFileType = sourcecode.swift; path = MapView.swift; sourceTree = "<group>"; };
		298E0757256B0C8100427237 /* Dashboard.swift */ = {isa = PBXFileReference; fileEncoding = 4; lastKnownFileType = sourcecode.swift; path = Dashboard.swift; sourceTree = "<group>"; };
		298E0758256B0C8100427237 /* TimeManagerView.swift */ = {isa = PBXFileReference; fileEncoding = 4; lastKnownFileType = sourcecode.swift; path = TimeManagerView.swift; sourceTree = "<group>"; };
		298E0759256B0C8100427237 /* SignUpView.swift */ = {isa = PBXFileReference; fileEncoding = 4; lastKnownFileType = sourcecode.swift; path = SignUpView.swift; sourceTree = "<group>"; };
		298E075A256B0C8100427237 /* BookTimeFrameView.swift */ = {isa = PBXFileReference; fileEncoding = 4; lastKnownFileType = sourcecode.swift; path = BookTimeFrameView.swift; sourceTree = "<group>"; };
		298E075C256B0C8100427237 /* User.swift */ = {isa = PBXFileReference; fileEncoding = 4; lastKnownFileType = sourcecode.swift; path = User.swift; sourceTree = "<group>"; };
		298E075D256B0C8100427237 /* TimeSchadual.swift */ = {isa = PBXFileReference; fileEncoding = 4; lastKnownFileType = sourcecode.swift; path = TimeSchadual.swift; sourceTree = "<group>"; };
		298E075F256B0C8100427237 /* LocationManager.swift */ = {isa = PBXFileReference; fileEncoding = 4; lastKnownFileType = sourcecode.swift; path = LocationManager.swift; sourceTree = "<group>"; };
		298E0761256B0C8100427237 /* UserViewModel.swift */ = {isa = PBXFileReference; fileEncoding = 4; lastKnownFileType = sourcecode.swift; path = UserViewModel.swift; sourceTree = "<group>"; };
		298E0762256B0C8100427237 /* MapViewModel.swift */ = {isa = PBXFileReference; fileEncoding = 4; lastKnownFileType = sourcecode.swift; path = MapViewModel.swift; sourceTree = "<group>"; };
		298E0763256B0C8100427237 /* LogInView.swift */ = {isa = PBXFileReference; fileEncoding = 4; lastKnownFileType = sourcecode.swift; path = LogInView.swift; sourceTree = "<group>"; };
/* End PBXFileReference section */

/* Begin PBXFrameworksBuildPhase section */
		298E0716256B010C00427237 /* Frameworks */ = {
			isa = PBXFrameworksBuildPhase;
			buildActionMask = 2147483647;
			files = (
			);
			runOnlyForDeploymentPostprocessing = 0;
		};
/* End PBXFrameworksBuildPhase section */

/* Begin PBXGroup section */
		298E0710256B010C00427237 = {
			isa = PBXGroup;
			children = (
				298E071B256B010C00427237 /* MyTime 2.0 */,
				298E071A256B010C00427237 /* Products */,
			);
			sourceTree = "<group>";
		};
		298E071A256B010C00427237 /* Products */ = {
			isa = PBXGroup;
			children = (
				298E0719256B010C00427237 /* MyTime 2.0.app */,
			);
			name = Products;
			sourceTree = "<group>";
		};
		298E071B256B010C00427237 /* MyTime 2.0 */ = {
			isa = PBXGroup;
			children = (
				298E0763256B0C8100427237 /* LogInView.swift */,
				298E075B256B0C8100427237 /* Model */,
				298E075E256B0C8100427237 /* Utility */,
				298E0755256B0C8100427237 /* View */,
				298E0760256B0C8100427237 /* ViewModel */,
				298E071C256B010C00427237 /* AppDelegate.swift */,
				298E071E256B010C00427237 /* SceneDelegate.swift */,
				298E0725256B010E00427237 /* Assets.xcassets */,
				298E072A256B010E00427237 /* LaunchScreen.storyboard */,
				298E072D256B010E00427237 /* Info.plist */,
				298E0722256B010D00427237 /* MyTime_2_0.xcdatamodeld */,
				298E0727256B010E00427237 /* Preview Content */,
			);
			path = "MyTime 2.0";
			sourceTree = "<group>";
		};
		298E0727256B010E00427237 /* Preview Content */ = {
			isa = PBXGroup;
			children = (
				298E0728256B010E00427237 /* Preview Assets.xcassets */,
			);
			path = "Preview Content";
			sourceTree = "<group>";
		};
		298E0755256B0C8100427237 /* View */ = {
			isa = PBXGroup;
			children = (
				298E0756256B0C8100427237 /* MapView.swift */,
				298E0757256B0C8100427237 /* Dashboard.swift */,
				298E0758256B0C8100427237 /* TimeManagerView.swift */,
				298E0759256B0C8100427237 /* SignUpView.swift */,
				298E075A256B0C8100427237 /* BookTimeFrameView.swift */,
			);
			path = View;
			sourceTree = "<group>";
		};
		298E075B256B0C8100427237 /* Model */ = {
			isa = PBXGroup;
			children = (
				298E075C256B0C8100427237 /* User.swift */,
				298E075D256B0C8100427237 /* TimeSchadual.swift */,
			);
			path = Model;
			sourceTree = "<group>";
		};
		298E075E256B0C8100427237 /* Utility */ = {
			isa = PBXGroup;
			children = (
				298E075F256B0C8100427237 /* LocationManager.swift */,
			);
			path = Utility;
			sourceTree = "<group>";
		};
		298E0760256B0C8100427237 /* ViewModel */ = {
			isa = PBXGroup;
			children = (
				298E0761256B0C8100427237 /* UserViewModel.swift */,
				298E0762256B0C8100427237 /* MapViewModel.swift */,
			);
			path = ViewModel;
			sourceTree = "<group>";
		};
/* End PBXGroup section */

/* Begin PBXNativeTarget section */
		298E0718256B010C00427237 /* MyTime 2.0 */ = {
			isa = PBXNativeTarget;
			buildConfigurationList = 298E0730256B010E00427237 /* Build configuration list for PBXNativeTarget "MyTime 2.0" */;
			buildPhases = (
				298E0715256B010C00427237 /* Sources */,
				298E0716256B010C00427237 /* Frameworks */,
				298E0717256B010C00427237 /* Resources */,
			);
			buildRules = (
			);
			dependencies = (
			);
			name = "MyTime 2.0";
			productName = "MyTime 2.0";
			productReference = 298E0719256B010C00427237 /* MyTime 2.0.app */;
			productType = "com.apple.product-type.application";
		};
/* End PBXNativeTarget section */

/* Begin PBXProject section */
		298E0711256B010C00427237 /* Project object */ = {
			isa = PBXProject;
			attributes = {
				LastSwiftUpdateCheck = 1210;
				LastUpgradeCheck = 1210;
				TargetAttributes = {
					298E0718256B010C00427237 = {
						CreatedOnToolsVersion = 12.1;
					};
				};
			};
			buildConfigurationList = 298E0714256B010C00427237 /* Build configuration list for PBXProject "MyTime 2.0" */;
			compatibilityVersion = "Xcode 9.3";
			developmentRegion = en;
			hasScannedForEncodings = 0;
			knownRegions = (
				en,
				Base,
			);
			mainGroup = 298E0710256B010C00427237;
			productRefGroup = 298E071A256B010C00427237 /* Products */;
			projectDirPath = "";
			projectRoot = "";
			targets = (
				298E0718256B010C00427237 /* MyTime 2.0 */,
			);
		};
/* End PBXProject section */

/* Begin PBXResourcesBuildPhase section */
		298E0717256B010C00427237 /* Resources */ = {
			isa = PBXResourcesBuildPhase;
			buildActionMask = 2147483647;
			files = (
				298E072C256B010E00427237 /* LaunchScreen.storyboard in Resources */,
				298E0729256B010E00427237 /* Preview Assets.xcassets in Resources */,
				298E0726256B010E00427237 /* Assets.xcassets in Resources */,
			);
			runOnlyForDeploymentPostprocessing = 0;
		};
/* End PBXResourcesBuildPhase section */

/* Begin PBXSourcesBuildPhase section */
		298E0715256B010C00427237 /* Sources */ = {
			isa = PBXSourcesBuildPhase;
			buildActionMask = 2147483647;
			files = (
				298E0724256B010D00427237 /* MyTime_2_0.xcdatamodeld in Sources */,
				298E076C256B0C8100427237 /* UserViewModel.swift in Sources */,
				298E0764256B0C8100427237 /* MapView.swift in Sources */,
				298E0768256B0C8100427237 /* BookTimeFrameView.swift in Sources */,
				298E076D256B0C8100427237 /* MapViewModel.swift in Sources */,
				298E076B256B0C8100427237 /* LocationManager.swift in Sources */,
				298E0765256B0C8100427237 /* Dashboard.swift in Sources */,
				298E0767256B0C8100427237 /* SignUpView.swift in Sources */,
				298E076E256B0C8100427237 /* LogInView.swift in Sources */,
				298E0769256B0C8100427237 /* User.swift in Sources */,
				298E071D256B010C00427237 /* AppDelegate.swift in Sources */,
				298E076A256B0C8100427237 /* TimeSchadual.swift in Sources */,
				298E071F256B010C00427237 /* SceneDelegate.swift in Sources */,
				298E0766256B0C8100427237 /* TimeManagerView.swift in Sources */,
			);
			runOnlyForDeploymentPostprocessing = 0;
		};
/* End PBXSourcesBuildPhase section */

/* Begin PBXVariantGroup section */
		298E072A256B010E00427237 /* LaunchScreen.storyboard */ = {
			isa = PBXVariantGroup;
			children = (
				298E072B256B010E00427237 /* Base */,
			);
			name = LaunchScreen.storyboard;
			sourceTree = "<group>";
		};
/* End PBXVariantGroup section */

/* Begin XCBuildConfiguration section */
		298E072E256B010E00427237 /* Debug */ = {
			isa = XCBuildConfiguration;
			buildSettings = {
				ALWAYS_SEARCH_USER_PATHS = NO;
				CLANG_ANALYZER_NONNULL = YES;
				CLANG_ANALYZER_NUMBER_OBJECT_CONVERSION = YES_AGGRESSIVE;
				CLANG_CXX_LANGUAGE_STANDARD = "gnu++14";
				CLANG_CXX_LIBRARY = "libc++";
				CLANG_ENABLE_MODULES = YES;
				CLANG_ENABLE_OBJC_ARC = YES;
				CLANG_ENABLE_OBJC_WEAK = YES;
				CLANG_WARN_BLOCK_CAPTURE_AUTORELEASING = YES;
				CLANG_WARN_BOOL_CONVERSION = YES;
				CLANG_WARN_COMMA = YES;
				CLANG_WARN_CONSTANT_CONVERSION = YES;
				CLANG_WARN_DEPRECATED_OBJC_IMPLEMENTATIONS = YES;
				CLANG_WARN_DIRECT_OBJC_ISA_USAGE = YES_ERROR;
				CLANG_WARN_DOCUMENTATION_COMMENTS = YES;
				CLANG_WARN_EMPTY_BODY = YES;
				CLANG_WARN_ENUM_CONVERSION = YES;
				CLANG_WARN_INFINITE_RECURSION = YES;
				CLANG_WARN_INT_CONVERSION = YES;
				CLANG_WARN_NON_LITERAL_NULL_CONVERSION = YES;
				CLANG_WARN_OBJC_IMPLICIT_RETAIN_SELF = YES;
				CLANG_WARN_OBJC_LITERAL_CONVERSION = YES;
				CLANG_WARN_OBJC_ROOT_CLASS = YES_ERROR;
				CLANG_WARN_QUOTED_INCLUDE_IN_FRAMEWORK_HEADER = YES;
				CLANG_WARN_RANGE_LOOP_ANALYSIS = YES;
				CLANG_WARN_STRICT_PROTOTYPES = YES;
				CLANG_WARN_SUSPICIOUS_MOVE = YES;
				CLANG_WARN_UNGUARDED_AVAILABILITY = YES_AGGRESSIVE;
				CLANG_WARN_UNREACHABLE_CODE = YES;
				CLANG_WARN__DUPLICATE_METHOD_MATCH = YES;
				COPY_PHASE_STRIP = NO;
				DEBUG_INFORMATION_FORMAT = dwarf;
				ENABLE_STRICT_OBJC_MSGSEND = YES;
				ENABLE_TESTABILITY = YES;
				GCC_C_LANGUAGE_STANDARD = gnu11;
				GCC_DYNAMIC_NO_PIC = NO;
				GCC_NO_COMMON_BLOCKS = YES;
				GCC_OPTIMIZATION_LEVEL = 0;
				GCC_PREPROCESSOR_DEFINITIONS = (
					"DEBUG=1",
					"$(inherited)",
				);
				GCC_WARN_64_TO_32_BIT_CONVERSION = YES;
				GCC_WARN_ABOUT_RETURN_TYPE = YES_ERROR;
				GCC_WARN_UNDECLARED_SELECTOR = YES;
				GCC_WARN_UNINITIALIZED_AUTOS = YES_AGGRESSIVE;
				GCC_WARN_UNUSED_FUNCTION = YES;
				GCC_WARN_UNUSED_VARIABLE = YES;
				IPHONEOS_DEPLOYMENT_TARGET = 14.1;
				MTL_ENABLE_DEBUG_INFO = INCLUDE_SOURCE;
				MTL_FAST_MATH = YES;
				ONLY_ACTIVE_ARCH = YES;
				SDKROOT = iphoneos;
				SWIFT_ACTIVE_COMPILATION_CONDITIONS = DEBUG;
				SWIFT_OPTIMIZATION_LEVEL = "-Onone";
			};
			name = Debug;
		};
		298E072F256B010E00427237 /* Release */ = {
			isa = XCBuildConfiguration;
			buildSettings = {
				ALWAYS_SEARCH_USER_PATHS = NO;
				CLANG_ANALYZER_NONNULL = YES;
				CLANG_ANALYZER_NUMBER_OBJECT_CONVERSION = YES_AGGRESSIVE;
				CLANG_CXX_LANGUAGE_STANDARD = "gnu++14";
				CLANG_CXX_LIBRARY = "libc++";
				CLANG_ENABLE_MODULES = YES;
				CLANG_ENABLE_OBJC_ARC = YES;
				CLANG_ENABLE_OBJC_WEAK = YES;
				CLANG_WARN_BLOCK_CAPTURE_AUTORELEASING = YES;
				CLANG_WARN_BOOL_CONVERSION = YES;
				CLANG_WARN_COMMA = YES;
				CLANG_WARN_CONSTANT_CONVERSION = YES;
				CLANG_WARN_DEPRECATED_OBJC_IMPLEMENTATIONS = YES;
				CLANG_WARN_DIRECT_OBJC_ISA_USAGE = YES_ERROR;
				CLANG_WARN_DOCUMENTATION_COMMENTS = YES;
				CLANG_WARN_EMPTY_BODY = YES;
				CLANG_WARN_ENUM_CONVERSION = YES;
				CLANG_WARN_INFINITE_RECURSION = YES;
				CLANG_WARN_INT_CONVERSION = YES;
				CLANG_WARN_NON_LITERAL_NULL_CONVERSION = YES;
				CLANG_WARN_OBJC_IMPLICIT_RETAIN_SELF = YES;
				CLANG_WARN_OBJC_LITERAL_CONVERSION = YES;
				CLANG_WARN_OBJC_ROOT_CLASS = YES_ERROR;
				CLANG_WARN_QUOTED_INCLUDE_IN_FRAMEWORK_HEADER = YES;
				CLANG_WARN_RANGE_LOOP_ANALYSIS = YES;
				CLANG_WARN_STRICT_PROTOTYPES = YES;
				CLANG_WARN_SUSPICIOUS_MOVE = YES;
				CLANG_WARN_UNGUARDED_AVAILABILITY = YES_AGGRESSIVE;
				CLANG_WARN_UNREACHABLE_CODE = YES;
				CLANG_WARN__DUPLICATE_METHOD_MATCH = YES;
				COPY_PHASE_STRIP = NO;
				DEBUG_INFORMATION_FORMAT = "dwarf-with-dsym";
				ENABLE_NS_ASSERTIONS = NO;
				ENABLE_STRICT_OBJC_MSGSEND = YES;
				GCC_C_LANGUAGE_STANDARD = gnu11;
				GCC_NO_COMMON_BLOCKS = YES;
				GCC_WARN_64_TO_32_BIT_CONVERSION = YES;
				GCC_WARN_ABOUT_RETURN_TYPE = YES_ERROR;
				GCC_WARN_UNDECLARED_SELECTOR = YES;
				GCC_WARN_UNINITIALIZED_AUTOS = YES_AGGRESSIVE;
				GCC_WARN_UNUSED_FUNCTION = YES;
				GCC_WARN_UNUSED_VARIABLE = YES;
				IPHONEOS_DEPLOYMENT_TARGET = 14.1;
				MTL_ENABLE_DEBUG_INFO = NO;
				MTL_FAST_MATH = YES;
				SDKROOT = iphoneos;
				SWIFT_COMPILATION_MODE = wholemodule;
				SWIFT_OPTIMIZATION_LEVEL = "-O";
				VALIDATE_PRODUCT = YES;
			};
			name = Release;
		};
		298E0731256B010E00427237 /* Debug */ = {
			isa = XCBuildConfiguration;
			buildSettings = {
				ASSETCATALOG_COMPILER_APPICON_NAME = AppIcon;
				ASSETCATALOG_COMPILER_GLOBAL_ACCENT_COLOR_NAME = AccentColor;
				CODE_SIGN_STYLE = Automatic;
				DEVELOPMENT_ASSET_PATHS = "\"MyTime 2.0/Preview Content\"";
				DEVELOPMENT_TEAM = 554LZY7MX6;
				ENABLE_PREVIEWS = YES;
				INFOPLIST_FILE = "MyTime 2.0/Info.plist";
				LD_RUNPATH_SEARCH_PATHS = (
					"$(inherited)",
					"@executable_path/Frameworks",
				);
				PRODUCT_BUNDLE_IDENTIFIER = "ca.mikhailajaj.MyTime-2-0";
				PRODUCT_NAME = "$(TARGET_NAME)";
				SWIFT_VERSION = 5.0;
				TARGETED_DEVICE_FAMILY = "1,2";
			};
			name = Debug;
		};
		298E0732256B010E00427237 /* Release */ = {
			isa = XCBuildConfiguration;
			buildSettings = {
				ASSETCATALOG_COMPILER_APPICON_NAME = AppIcon;
				ASSETCATALOG_COMPILER_GLOBAL_ACCENT_COLOR_NAME = AccentColor;
				CODE_SIGN_STYLE = Automatic;
				DEVELOPMENT_ASSET_PATHS = "\"MyTime 2.0/Preview Content\"";
				DEVELOPMENT_TEAM = 554LZY7MX6;
				ENABLE_PREVIEWS = YES;
				INFOPLIST_FILE = "MyTime 2.0/Info.plist";
				LD_RUNPATH_SEARCH_PATHS = (
					"$(inherited)",
					"@executable_path/Frameworks",
				);
				PRODUCT_BUNDLE_IDENTIFIER = "ca.mikhailajaj.MyTime-2-0";
				PRODUCT_NAME = "$(TARGET_NAME)";
				SWIFT_VERSION = 5.0;
				TARGETED_DEVICE_FAMILY = "1,2";
			};
			name = Release;
		};
/* End XCBuildConfiguration section */

/* Begin XCConfigurationList section */
		298E0714256B010C00427237 /* Build configuration list for PBXProject "MyTime 2.0" */ = {
			isa = XCConfigurationList;
			buildConfigurations = (
				298E072E256B010E00427237 /* Debug */,
				298E072F256B010E00427237 /* Release */,
			);
			defaultConfigurationIsVisible = 0;
			defaultConfigurationName = Release;
		};
		298E0730256B010E00427237 /* Build configuration list for PBXNativeTarget "MyTime 2.0" */ = {
			isa = XCConfigurationList;
			buildConfigurations = (
				298E0731256B010E00427237 /* Debug */,
				298E0732256B010E00427237 /* Release */,
			);
			defaultConfigurationIsVisible = 0;
			defaultConfigurationName = Release;
		};
/* End XCConfigurationList section */

/* Begin XCVersionGroup section */
		298E0722256B010D00427237 /* MyTime_2_0.xcdatamodeld */ = {
			isa = XCVersionGroup;
			children = (
				298E0723256B010D00427237 /* MyTime_2_0.xcdatamodel */,
			);
			currentVersion = 298E0723256B010D00427237 /* MyTime_2_0.xcdatamodel */;
			path = MyTime_2_0.xcdatamodeld;
			sourceTree = "<group>";
			versionGroupType = wrapper.xcdatamodel;
		};
/* End XCVersionGroup section */
	};
	rootObject = 298E0711256B010C00427237 /* Project object */;
}
